
Microsoft Visual Studio Solution File, Format Version 12.00
# Visual Studio Version 17
VisualStudioVersion = 17.4.33122.133
MinimumVisualStudioVersion = 10.0.40219.1
Project("{9A19103F-16F7-4668-BE54-9A1E7A4F7556}") = "ThongNhat_Hospital", "ThongNhat_Hospital\ThongNhat_Hospital.csproj", "{B9ED7A82-92E5-4BBD-A3DD-EE0308613634}"
EndProject
Global
	GlobalSection(SolutionConfigurationPlatforms) = preSolution
		Debug|Any CPU = Debug|Any CPU
		Release|Any CPU = Release|Any CPU
	EndGlobalSection
	GlobalSection(ProjectConfigurationPlatforms) = postSolution
		{B9ED7A82-92E5-4BBD-A3DD-EE0308613634}.Debug|Any CPU.ActiveCfg = Debug|Any CPU
		{B9ED7A82-92E5-4BBD-A3DD-EE0308613634}.Debug|Any CPU.Build.0 = Debug|Any CPU
		{B9ED7A82-92E5-4BBD-A3DD-EE0308613634}.Release|Any CPU.ActiveCfg = Release|Any CPU
		{B9ED7A82-92E5-4BBD-A3DD-EE0308613634}.Release|Any CPU.Build.0 = Release|Any CPU
	EndGlobalSection
	GlobalSection(SolutionProperties) = preSolution
		HideSolutionNode = FALSE
	EndGlobalSection
	GlobalSection(ExtensibilityGlobals) = postSolution
		SolutionGuid = {6EE1C627-9341-4D8C-A574-37BFCF822CBD}
	EndGlobalSection
EndGlobal
